{
  "originHash" : "5fb607202c3e3603ac2b336f2e49c29e85856e057cd4ded5c6cab8a416ef419f",
  "pins" : [
    {
      "identity" : "apollo-ios",
      "kind" : "remoteSourceControl",
      "location" : "https://github.com/apollographql/apollo-ios",
      "state" : {
        "revision" : "0d2c0dec44dab10a2c4e51f4114eb00d08294cd1",
        "version" : "2.0.3"
      }
    }
  ],
  "version" : 3
}
